
Microsoft Visual Studio Solution File, Format Version 11.00
# Visual Studio 2010
Project("{8BC9CEB8-8B4A-11D0-8D11-00A0C91BC942}") = "rtaudionet", "rtaudionet\rtaudionet.vcxproj", "{0A3430CA-D83E-419B-A93E-A8DCD2DCECD1}"
EndProject
Project("{FAE04EC0-301F-11D3-BF4B-00C04F79EFBC}") = "RtAudioNet Test Suite", "RtAudioNet Test Suite\RtAudioNet Test Suite.csproj", "{BC8B9833-493A-4D5A-826E-082637BF4DCB}"
EndProject
Project("{FAE04EC0-301F-11D3-BF4B-00C04F79EFBC}") = "RtAudioMixerDemo", "RtAudioMixerDemo\RtAudioMixerDemo.csproj", "{CCF16E35-EA01-4C5F-9D25-7FF5FC306386}"
EndProject
Project("{FAE04EC0-301F-11D3-BF4B-00C04F79EFBC}") = "RtAudioTests", "RtAudioTests\RtAudioTests.csproj", "{08AA4C20-4FC4-40C5-94CE-19D0272DEF49}"
EndProject
Global
	GlobalSection(SolutionConfigurationPlatforms) = preSolution
		Debug|Any CPU = Debug|Any CPU
		Debug|Mixed Platforms = Debug|Mixed Platforms
		Debug|Win32 = Debug|Win32
		Debug|x86 = Debug|x86
		Release|Any CPU = Release|Any CPU
		Release|Mixed Platforms = Release|Mixed Platforms
		Release|Win32 = Release|Win32
		Release|x86 = Release|x86
	EndGlobalSection
	GlobalSection(ProjectConfigurationPlatforms) = postSolution
		{0A3430CA-D83E-419B-A93E-A8DCD2DCECD1}.Debug|Any CPU.ActiveCfg = Debug|Win32
		{0A3430CA-D83E-419B-A93E-A8DCD2DCECD1}.Debug|Mixed Platforms.ActiveCfg = Debug|Win32
		{0A3430CA-D83E-419B-A93E-A8DCD2DCECD1}.Debug|Mixed Platforms.Build.0 = Debug|Win32
		{0A3430CA-D83E-419B-A93E-A8DCD2DCECD1}.Debug|Win32.ActiveCfg = Debug|Win32
		{0A3430CA-D83E-419B-A93E-A8DCD2DCECD1}.Debug|Win32.Build.0 = Debug|Win32
		{0A3430CA-D83E-419B-A93E-A8DCD2DCECD1}.Debug|x86.ActiveCfg = Debug|Win32
		{0A3430CA-D83E-419B-A93E-A8DCD2DCECD1}.Release|Any CPU.ActiveCfg = Release|Win32
		{0A3430CA-D83E-419B-A93E-A8DCD2DCECD1}.Release|Mixed Platforms.ActiveCfg = Release|Win32
		{0A3430CA-D83E-419B-A93E-A8DCD2DCECD1}.Release|Mixed Platforms.Build.0 = Release|Win32
		{0A3430CA-D83E-419B-A93E-A8DCD2DCECD1}.Release|Win32.ActiveCfg = Release|Win32
		{0A3430CA-D83E-419B-A93E-A8DCD2DCECD1}.Release|Win32.Build.0 = Release|Win32
		{0A3430CA-D83E-419B-A93E-A8DCD2DCECD1}.Release|x86.ActiveCfg = Release|Win32
		{BC8B9833-493A-4D5A-826E-082637BF4DCB}.Debug|Any CPU.ActiveCfg = Debug|x86
		{BC8B9833-493A-4D5A-826E-082637BF4DCB}.Debug|Mixed Platforms.ActiveCfg = Debug|x86
		{BC8B9833-493A-4D5A-826E-082637BF4DCB}.Debug|Mixed Platforms.Build.0 = Debug|x86
		{BC8B9833-493A-4D5A-826E-082637BF4DCB}.Debug|Win32.ActiveCfg = Debug|x86
		{BC8B9833-493A-4D5A-826E-082637BF4DCB}.Debug|x86.ActiveCfg = Debug|x86
		{BC8B9833-493A-4D5A-826E-082637BF4DCB}.Debug|x86.Build.0 = Debug|x86
		{BC8B9833-493A-4D5A-826E-082637BF4DCB}.Release|Any CPU.ActiveCfg = Release|x86
		{BC8B9833-493A-4D5A-826E-082637BF4DCB}.Release|Mixed Platforms.ActiveCfg = Release|x86
		{BC8B9833-493A-4D5A-826E-082637BF4DCB}.Release|Mixed Platforms.Build.0 = Release|x86
		{BC8B9833-493A-4D5A-826E-082637BF4DCB}.Release|Win32.ActiveCfg = Release|x86
		{BC8B9833-493A-4D5A-826E-082637BF4DCB}.Release|x86.ActiveCfg = Release|x86
		{BC8B9833-493A-4D5A-826E-082637BF4DCB}.Release|x86.Build.0 = Release|x86
		{CCF16E35-EA01-4C5F-9D25-7FF5FC306386}.Debug|Any CPU.ActiveCfg = Debug|x86
		{CCF16E35-EA01-4C5F-9D25-7FF5FC306386}.Debug|Mixed Platforms.ActiveCfg = Debug|x86
		{CCF16E35-EA01-4C5F-9D25-7FF5FC306386}.Debug|Mixed Platforms.Build.0 = Debug|x86
		{CCF16E35-EA01-4C5F-9D25-7FF5FC306386}.Debug|Win32.ActiveCfg = Debug|x86
		{CCF16E35-EA01-4C5F-9D25-7FF5FC306386}.Debug|x86.ActiveCfg = Debug|x86
		{CCF16E35-EA01-4C5F-9D25-7FF5FC306386}.Debug|x86.Build.0 = Debug|x86
		{CCF16E35-EA01-4C5F-9D25-7FF5FC306386}.Release|Any CPU.ActiveCfg = Release|x86
		{CCF16E35-EA01-4C5F-9D25-7FF5FC306386}.Release|Mixed Platforms.ActiveCfg = Release|x86
		{CCF16E35-EA01-4C5F-9D25-7FF5FC306386}.Release|Mixed Platforms.Build.0 = Release|x86
		{CCF16E35-EA01-4C5F-9D25-7FF5FC306386}.Release|Win32.ActiveCfg = Release|x86
		{CCF16E35-EA01-4C5F-9D25-7FF5FC306386}.Release|x86.ActiveCfg = Release|x86
		{CCF16E35-EA01-4C5F-9D25-7FF5FC306386}.Release|x86.Build.0 = Release|x86
		{08AA4C20-4FC4-40C5-94CE-19D0272DEF49}.Debug|Any CPU.ActiveCfg = Debug|x86
		{08AA4C20-4FC4-40C5-94CE-19D0272DEF49}.Debug|Mixed Platforms.ActiveCfg = Debug|x86
		{08AA4C20-4FC4-40C5-94CE-19D0272DEF49}.Debug|Mixed Platforms.Build.0 = Debug|x86
		{08AA4C20-4FC4-40C5-94CE-19D0272DEF49}.Debug|Win32.ActiveCfg = Debug|x86
		{08AA4C20-4FC4-40C5-94CE-19D0272DEF49}.Debug|x86.ActiveCfg = Debug|x86
		{08AA4C20-4FC4-40C5-94CE-19D0272DEF49}.Debug|x86.Build.0 = Debug|x86
		{08AA4C20-4FC4-40C5-94CE-19D0272DEF49}.Release|Any CPU.ActiveCfg = Release|x86
		{08AA4C20-4FC4-40C5-94CE-19D0272DEF49}.Release|Mixed Platforms.ActiveCfg = Release|x86
		{08AA4C20-4FC4-40C5-94CE-19D0272DEF49}.Release|Mixed Platforms.Build.0 = Release|x86
		{08AA4C20-4FC4-40C5-94CE-19D0272DEF49}.Release|Win32.ActiveCfg = Release|x86
		{08AA4C20-4FC4-40C5-94CE-19D0272DEF49}.Release|x86.ActiveCfg = Release|x86
		{08AA4C20-4FC4-40C5-94CE-19D0272DEF49}.Release|x86.Build.0 = Release|x86
	EndGlobalSection
	GlobalSection(SolutionProperties) = preSolution
		HideSolutionNode = FALSE
	EndGlobalSection
EndGlobal
